// !$*UTF8*$!
{
	archiveVersion = 1;
	classes = {
	};
	objectVersion = 56;
	objects = {

/* Begin PBXBuildFile section */
		560FA9132AD9AEA300152582 /* ExchangeRatesApp.swift in Sources */ = {isa = PBXBuildFile; fileRef = 560FA9122AD9AEA300152582 /* ExchangeRatesApp.swift */; };
		560FA9152AD9AEA300152582 /* ContentView.swift in Sources */ = {isa = PBXBuildFile; fileRef = 560FA9142AD9AEA300152582 /* ContentView.swift */; };
		560FA9172AD9AEA500152582 /* Assets.xcassets in Resources */ = {isa = PBXBuildFile; fileRef = 560FA9162AD9AEA500152582 /* Assets.xcassets */; };
		560FA91A2AD9AEA500152582 /* Preview Assets.xcassets in Resources */ = {isa = PBXBuildFile; fileRef = 560FA9192AD9AEA500152582 /* Preview Assets.xcassets */; };
		560FA9242AD9B04C00152582 /* RatesApi.swift in Sources */ = {isa = PBXBuildFile; fileRef = 560FA9232AD9B04C00152582 /* RatesApi.swift */; };
		560FA9272AD9B2DF00152582 /* RatesRouter.swift in Sources */ = {isa = PBXBuildFile; fileRef = 560FA9262AD9B2DF00152582 /* RatesRouter.swift */; };
		560FA9292AD9B2E800152582 /* CurrencyRouter.swift in Sources */ = {isa = PBXBuildFile; fileRef = 560FA9282AD9B2E800152582 /* CurrencyRouter.swift */; };
		569743D42ADB48F000A25C61 /* BaseStore.swift in Sources */ = {isa = PBXBuildFile; fileRef = 569743D32ADB48F000A25C61 /* BaseStore.swift */; };
		569743D72ADB497700A25C61 /* RateFluctuationObjectst.swift in Sources */ = {isa = PBXBuildFile; fileRef = 569743D62ADB497700A25C61 /* RateFluctuationObjectst.swift */; };
		569743D92ADB4A6B00A25C61 /* CurrencySymbolObject.swift in Sources */ = {isa = PBXBuildFile; fileRef = 569743D82ADB4A6B00A25C61 /* CurrencySymbolObject.swift */; };
		569743DB2ADB4A9C00A25C61 /* RatesHistoricalObject.swift in Sources */ = {isa = PBXBuildFile; fileRef = 569743DA2ADB4A9C00A25C61 /* RatesHistoricalObject.swift */; };
		569743DD2ADB4C8200A25C61 /* RatesStore.swift in Sources */ = {isa = PBXBuildFile; fileRef = 569743DC2ADB4C8200A25C61 /* RatesStore.swift */; };
		569743DF2ADB4DCE00A25C61 /* CurrencyStore.swift in Sources */ = {isa = PBXBuildFile; fileRef = 569743DE2ADB4DCE00A25C61 /* CurrencyStore.swift */; };
		569743E12ADB4F0100A25C61 /* DataProviderManager.swift in Sources */ = {isa = PBXBuildFile; fileRef = 569743E02ADB4F0100A25C61 /* DataProviderManager.swift */; };
		569743E52ADB4FB400A25C61 /* RatesFluctuationDataProvider.swift in Sources */ = {isa = PBXBuildFile; fileRef = 569743E42ADB4FB400A25C61 /* RatesFluctuationDataProvider.swift */; };
		569743E72ADB509700A25C61 /* RatesHitoricalDataProvider.swift in Sources */ = {isa = PBXBuildFile; fileRef = 569743E62ADB509700A25C61 /* RatesHitoricalDataProvider.swift */; };
		569743E92ADB50EE00A25C61 /* CurrencySymbolsDataProvider.swift in Sources */ = {isa = PBXBuildFile; fileRef = 569743E82ADB50EE00A25C61 /* CurrencySymbolsDataProvider.swift */; };
/* End PBXBuildFile section */

/* Begin PBXFileReference section */
		560FA90F2AD9AEA300152582 /* ExchangeRates.app */ = {isa = PBXFileReference; explicitFileType = wrapper.application; includeInIndex = 0; path = ExchangeRates.app; sourceTree = BUILT_PRODUCTS_DIR; };
		560FA9122AD9AEA300152582 /* ExchangeRatesApp.swift */ = {isa = PBXFileReference; lastKnownFileType = sourcecode.swift; path = ExchangeRatesApp.swift; sourceTree = "<group>"; };
		560FA9142AD9AEA300152582 /* ContentView.swift */ = {isa = PBXFileReference; lastKnownFileType = sourcecode.swift; path = ContentView.swift; sourceTree = "<group>"; };
		560FA9162AD9AEA500152582 /* Assets.xcassets */ = {isa = PBXFileReference; lastKnownFileType = folder.assetcatalog; path = Assets.xcassets; sourceTree = "<group>"; };
		560FA9192AD9AEA500152582 /* Preview Assets.xcassets */ = {isa = PBXFileReference; lastKnownFileType = folder.assetcatalog; path = "Preview Assets.xcassets"; sourceTree = "<group>"; };
		560FA9232AD9B04C00152582 /* RatesApi.swift */ = {isa = PBXFileReference; lastKnownFileType = sourcecode.swift; path = RatesApi.swift; sourceTree = "<group>"; };
		560FA9262AD9B2DF00152582 /* RatesRouter.swift */ = {isa = PBXFileReference; lastKnownFileType = sourcecode.swift; path = RatesRouter.swift; sourceTree = "<group>"; };
		560FA9282AD9B2E800152582 /* CurrencyRouter.swift */ = {isa = PBXFileReference; lastKnownFileType = sourcecode.swift; path = CurrencyRouter.swift; sourceTree = "<group>"; };
		569743D32ADB48F000A25C61 /* BaseStore.swift */ = {isa = PBXFileReference; lastKnownFileType = sourcecode.swift; path = BaseStore.swift; sourceTree = "<group>"; };
		569743D62ADB497700A25C61 /* RateFluctuationObjectst.swift */ = {isa = PBXFileReference; lastKnownFileType = sourcecode.swift; path = RateFluctuationObjectst.swift; sourceTree = "<group>"; };
		569743D82ADB4A6B00A25C61 /* CurrencySymbolObject.swift */ = {isa = PBXFileReference; lastKnownFileType = sourcecode.swift; path = CurrencySymbolObject.swift; sourceTree = "<group>"; };
		569743DA2ADB4A9C00A25C61 /* RatesHistoricalObject.swift */ = {isa = PBXFileReference; lastKnownFileType = sourcecode.swift; path = RatesHistoricalObject.swift; sourceTree = "<group>"; };
		569743DC2ADB4C8200A25C61 /* RatesStore.swift */ = {isa = PBXFileReference; lastKnownFileType = sourcecode.swift; path = RatesStore.swift; sourceTree = "<group>"; };
		569743DE2ADB4DCE00A25C61 /* CurrencyStore.swift */ = {isa = PBXFileReference; lastKnownFileType = sourcecode.swift; path = CurrencyStore.swift; sourceTree = "<group>"; };
		569743E02ADB4F0100A25C61 /* DataProviderManager.swift */ = {isa = PBXFileReference; lastKnownFileType = sourcecode.swift; path = DataProviderManager.swift; sourceTree = "<group>"; };
		569743E42ADB4FB400A25C61 /* RatesFluctuationDataProvider.swift */ = {isa = PBXFileReference; lastKnownFileType = sourcecode.swift; path = RatesFluctuationDataProvider.swift; sourceTree = "<group>"; };
		569743E62ADB509700A25C61 /* RatesHitoricalDataProvider.swift */ = {isa = PBXFileReference; lastKnownFileType = sourcecode.swift; path = RatesHitoricalDataProvider.swift; sourceTree = "<group>"; };
		569743E82ADB50EE00A25C61 /* CurrencySymbolsDataProvider.swift */ = {isa = PBXFileReference; lastKnownFileType = sourcecode.swift; path = CurrencySymbolsDataProvider.swift; sourceTree = "<group>"; };
		569743EA2ADB588400A25C61 /* Info.plist */ = {isa = PBXFileReference; lastKnownFileType = text.plist; path = Info.plist; sourceTree = "<group>"; };
/* End PBXFileReference section */

/* Begin PBXFrameworksBuildPhase section */
		560FA90C2AD9AEA300152582 /* Frameworks */ = {
			isa = PBXFrameworksBuildPhase;
			buildActionMask = 2147483647;
			files = (
			);
			runOnlyForDeploymentPostprocessing = 0;
		};
/* End PBXFrameworksBuildPhase section */

/* Begin PBXGroup section */
		560FA9062AD9AEA300152582 = {
			isa = PBXGroup;
			children = (
				560FA9112AD9AEA300152582 /* ExchangeRates */,
				560FA9102AD9AEA300152582 /* Products */,
			);
			sourceTree = "<group>";
		};
		560FA9102AD9AEA300152582 /* Products */ = {
			isa = PBXGroup;
			children = (
				560FA90F2AD9AEA300152582 /* ExchangeRates.app */,
			);
			name = Products;
			sourceTree = "<group>";
		};
		560FA9112AD9AEA300152582 /* ExchangeRates */ = {
			isa = PBXGroup;
			children = (
				569743EA2ADB588400A25C61 /* Info.plist */,
				560FA9202AD9AFE400152582 /* DataProviders */,
				560FA9122AD9AEA300152582 /* ExchangeRatesApp.swift */,
				560FA9142AD9AEA300152582 /* ContentView.swift */,
				560FA9162AD9AEA500152582 /* Assets.xcassets */,
				560FA9182AD9AEA500152582 /* Preview Content */,
			);
			path = ExchangeRates;
			sourceTree = "<group>";
		};
		560FA9182AD9AEA500152582 /* Preview Content */ = {
			isa = PBXGroup;
			children = (
				560FA9192AD9AEA500152582 /* Preview Assets.xcassets */,
			);
			path = "Preview Content";
			sourceTree = "<group>";
		};
		560FA9202AD9AFE400152582 /* DataProviders */ = {
			isa = PBXGroup;
			children = (
				569743E32ADB4FA300A25C61 /* RatesDataProvider */,
				560FA9212AD9AFF800152582 /* NetworkRepository */,
				569743E02ADB4F0100A25C61 /* DataProviderManager.swift */,
			);
			path = DataProviders;
			sourceTree = "<group>";
		};
		560FA9212AD9AFF800152582 /* NetworkRepository */ = {
			isa = PBXGroup;
			children = (
				569743D52ADB495F00A25C61 /* Objects */,
				569743D22ADB48D700A25C61 /* Stores */,
				560FA9252AD9B2D000152582 /* Routers */,
				560FA9222AD9B03100152582 /* API */,
			);
			path = NetworkRepository;
			sourceTree = "<group>";
		};
		560FA9222AD9B03100152582 /* API */ = {
			isa = PBXGroup;
			children = (
				560FA9232AD9B04C00152582 /* RatesApi.swift */,
			);
			path = API;
			sourceTree = "<group>";
		};
		560FA9252AD9B2D000152582 /* Routers */ = {
			isa = PBXGroup;
			children = (
				560FA9262AD9B2DF00152582 /* RatesRouter.swift */,
				560FA9282AD9B2E800152582 /* CurrencyRouter.swift */,
			);
			path = Routers;
			sourceTree = "<group>";
		};
		569743D22ADB48D700A25C61 /* Stores */ = {
			isa = PBXGroup;
			children = (
				569743D32ADB48F000A25C61 /* BaseStore.swift */,
				569743DC2ADB4C8200A25C61 /* RatesStore.swift */,
				569743DE2ADB4DCE00A25C61 /* CurrencyStore.swift */,
			);
			path = Stores;
			sourceTree = "<group>";
		};
		569743D52ADB495F00A25C61 /* Objects */ = {
			isa = PBXGroup;
			children = (
				569743D62ADB497700A25C61 /* RateFluctuationObjectst.swift */,
				569743D82ADB4A6B00A25C61 /* CurrencySymbolObject.swift */,
				569743DA2ADB4A9C00A25C61 /* RatesHistoricalObject.swift */,
			);
			path = Objects;
			sourceTree = "<group>";
		};
		569743E32ADB4FA300A25C61 /* RatesDataProvider */ = {
			isa = PBXGroup;
			children = (
				569743E42ADB4FB400A25C61 /* RatesFluctuationDataProvider.swift */,
				569743E82ADB50EE00A25C61 /* CurrencySymbolsDataProvider.swift */,
				569743E62ADB509700A25C61 /* RatesHitoricalDataProvider.swift */,
			);
			path = RatesDataProvider;
			sourceTree = "<group>";
		};
/* End PBXGroup section */

/* Begin PBXNativeTarget section */
		560FA90E2AD9AEA300152582 /* ExchangeRates */ = {
			isa = PBXNativeTarget;
			buildConfigurationList = 560FA91D2AD9AEA500152582 /* Build configuration list for PBXNativeTarget "ExchangeRates" */;
			buildPhases = (
				560FA90B2AD9AEA300152582 /* Sources */,
				560FA90C2AD9AEA300152582 /* Frameworks */,
				560FA90D2AD9AEA300152582 /* Resources */,
			);
			buildRules = (
			);
			dependencies = (
			);
			name = ExchangeRates;
			productName = ExchangeRates;
			productReference = 560FA90F2AD9AEA300152582 /* ExchangeRates.app */;
			productType = "com.apple.product-type.application";
		};
/* End PBXNativeTarget section */

/* Begin PBXProject section */
		560FA9072AD9AEA300152582 /* Project object */ = {
			isa = PBXProject;
			attributes = {
				BuildIndependentTargetsInParallel = 1;
				LastSwiftUpdateCheck = 1500;
				LastUpgradeCheck = 1500;
				TargetAttributes = {
					560FA90E2AD9AEA300152582 = {
						CreatedOnToolsVersion = 15.0;
					};
				};
			};
			buildConfigurationList = 560FA90A2AD9AEA300152582 /* Build configuration list for PBXProject "ExchangeRates" */;
			compatibilityVersion = "Xcode 14.0";
			developmentRegion = en;
			hasScannedForEncodings = 0;
			knownRegions = (
				en,
				Base,
			);
			mainGroup = 560FA9062AD9AEA300152582;
			productRefGroup = 560FA9102AD9AEA300152582 /* Products */;
			projectDirPath = "";
			projectRoot = "";
			targets = (
				560FA90E2AD9AEA300152582 /* ExchangeRates */,
			);
		};
/* End PBXProject section */

/* Begin PBXResourcesBuildPhase section */
		560FA90D2AD9AEA300152582 /* Resources */ = {
			isa = PBXResourcesBuildPhase;
			buildActionMask = 2147483647;
			files = (
				560FA91A2AD9AEA500152582 /* Preview Assets.xcassets in Resources */,
				560FA9172AD9AEA500152582 /* Assets.xcassets in Resources */,
			);
			runOnlyForDeploymentPostprocessing = 0;
		};
/* End PBXResourcesBuildPhase section */

/* Begin PBXSourcesBuildPhase section */
		560FA90B2AD9AEA300152582 /* Sources */ = {
			isa = PBXSourcesBuildPhase;
			buildActionMask = 2147483647;
			files = (
				569743D72ADB497700A25C61 /* RateFluctuationObjectst.swift in Sources */,
				569743D92ADB4A6B00A25C61 /* CurrencySymbolObject.swift in Sources */,
				560FA9292AD9B2E800152582 /* CurrencyRouter.swift in Sources */,
				569743DB2ADB4A9C00A25C61 /* RatesHistoricalObject.swift in Sources */,
				569743E72ADB509700A25C61 /* RatesHitoricalDataProvider.swift in Sources */,
				560FA9272AD9B2DF00152582 /* RatesRouter.swift in Sources */,
				569743DD2ADB4C8200A25C61 /* RatesStore.swift in Sources */,
				569743D42ADB48F000A25C61 /* BaseStore.swift in Sources */,
				560FA9152AD9AEA300152582 /* ContentView.swift in Sources */,
				569743E12ADB4F0100A25C61 /* DataProviderManager.swift in Sources */,
				569743E92ADB50EE00A25C61 /* CurrencySymbolsDataProvider.swift in Sources */,
				560FA9132AD9AEA300152582 /* ExchangeRatesApp.swift in Sources */,
				560FA9242AD9B04C00152582 /* RatesApi.swift in Sources */,
				569743E52ADB4FB400A25C61 /* RatesFluctuationDataProvider.swift in Sources */,
				569743DF2ADB4DCE00A25C61 /* CurrencyStore.swift in Sources */,
			);
			runOnlyForDeploymentPostprocessing = 0;
		};
/* End PBXSourcesBuildPhase section */

/* Begin XCBuildConfiguration section */
		560FA91B2AD9AEA500152582 /* Debug */ = {
			isa = XCBuildConfiguration;
			buildSettings = {
				ALWAYS_SEARCH_USER_PATHS = NO;
				ASSETCATALOG_COMPILER_GENERATE_SWIFT_ASSET_SYMBOL_EXTENSIONS = YES;
				CLANG_ANALYZER_NONNULL = YES;
				CLANG_ANALYZER_NUMBER_OBJECT_CONVERSION = YES_AGGRESSIVE;
				CLANG_CXX_LANGUAGE_STANDARD = "gnu++20";
				CLANG_ENABLE_MODULES = YES;
				CLANG_ENABLE_OBJC_ARC = YES;
				CLANG_ENABLE_OBJC_WEAK = YES;
				CLANG_WARN_BLOCK_CAPTURE_AUTORELEASING = YES;
				CLANG_WARN_BOOL_CONVERSION = YES;
				CLANG_WARN_COMMA = YES;
				CLANG_WARN_CONSTANT_CONVERSION = YES;
				CLANG_WARN_DEPRECATED_OBJC_IMPLEMENTATIONS = YES;
				CLANG_WARN_DIRECT_OBJC_ISA_USAGE = YES_ERROR;
				CLANG_WARN_DOCUMENTATION_COMMENTS = YES;
				CLANG_WARN_EMPTY_BODY = YES;
				CLANG_WARN_ENUM_CONVERSION = YES;
				CLANG_WARN_INFINITE_RECURSION = YES;
				CLANG_WARN_INT_CONVERSION = YES;
				CLANG_WARN_NON_LITERAL_NULL_CONVERSION = YES;
				CLANG_WARN_OBJC_IMPLICIT_RETAIN_SELF = YES;
				CLANG_WARN_OBJC_LITERAL_CONVERSION = YES;
				CLANG_WARN_OBJC_ROOT_CLASS = YES_ERROR;
				CLANG_WARN_QUOTED_INCLUDE_IN_FRAMEWORK_HEADER = YES;
				CLANG_WARN_RANGE_LOOP_ANALYSIS = YES;
				CLANG_WARN_STRICT_PROTOTYPES = YES;
				CLANG_WARN_SUSPICIOUS_MOVE = YES;
				CLANG_WARN_UNGUARDED_AVAILABILITY = YES_AGGRESSIVE;
				CLANG_WARN_UNREACHABLE_CODE = YES;
				CLANG_WARN__DUPLICATE_METHOD_MATCH = YES;
				COPY_PHASE_STRIP = NO;
				DEBUG_INFORMATION_FORMAT = dwarf;
				ENABLE_STRICT_OBJC_MSGSEND = YES;
				ENABLE_TESTABILITY = YES;
				ENABLE_USER_SCRIPT_SANDBOXING = YES;
				GCC_C_LANGUAGE_STANDARD = gnu17;
				GCC_DYNAMIC_NO_PIC = NO;
				GCC_NO_COMMON_BLOCKS = YES;
				GCC_OPTIMIZATION_LEVEL = 0;
				GCC_PREPROCESSOR_DEFINITIONS = (
					"DEBUG=1",
					"$(inherited)",
				);
				GCC_WARN_64_TO_32_BIT_CONVERSION = YES;
				GCC_WARN_ABOUT_RETURN_TYPE = YES_ERROR;
				GCC_WARN_UNDECLARED_SELECTOR = YES;
				GCC_WARN_UNINITIALIZED_AUTOS = YES_AGGRESSIVE;
				GCC_WARN_UNUSED_FUNCTION = YES;
				GCC_WARN_UNUSED_VARIABLE = YES;
				IPHONEOS_DEPLOYMENT_TARGET = 17.0;
				LOCALIZATION_PREFERS_STRING_CATALOGS = YES;
				MTL_ENABLE_DEBUG_INFO = INCLUDE_SOURCE;
				MTL_FAST_MATH = YES;
				ONLY_ACTIVE_ARCH = YES;
				SDKROOT = iphoneos;
				SWIFT_ACTIVE_COMPILATION_CONDITIONS = "DEBUG $(inherited)";
				SWIFT_OPTIMIZATION_LEVEL = "-Onone";
			};
			name = Debug;
		};
		560FA91C2AD9AEA500152582 /* Release */ = {
			isa = XCBuildConfiguration;
			buildSettings = {
				ALWAYS_SEARCH_USER_PATHS = NO;
				ASSETCATALOG_COMPILER_GENERATE_SWIFT_ASSET_SYMBOL_EXTENSIONS = YES;
				CLANG_ANALYZER_NONNULL = YES;
				CLANG_ANALYZER_NUMBER_OBJECT_CONVERSION = YES_AGGRESSIVE;
				CLANG_CXX_LANGUAGE_STANDARD = "gnu++20";
				CLANG_ENABLE_MODULES = YES;
				CLANG_ENABLE_OBJC_ARC = YES;
				CLANG_ENABLE_OBJC_WEAK = YES;
				CLANG_WARN_BLOCK_CAPTURE_AUTORELEASING = YES;
				CLANG_WARN_BOOL_CONVERSION = YES;
				CLANG_WARN_COMMA = YES;
				CLANG_WARN_CONSTANT_CONVERSION = YES;
				CLANG_WARN_DEPRECATED_OBJC_IMPLEMENTATIONS = YES;
				CLANG_WARN_DIRECT_OBJC_ISA_USAGE = YES_ERROR;
				CLANG_WARN_DOCUMENTATION_COMMENTS = YES;
				CLANG_WARN_EMPTY_BODY = YES;
				CLANG_WARN_ENUM_CONVERSION = YES;
				CLANG_WARN_INFINITE_RECURSION = YES;
				CLANG_WARN_INT_CONVERSION = YES;
				CLANG_WARN_NON_LITERAL_NULL_CONVERSION = YES;
				CLANG_WARN_OBJC_IMPLICIT_RETAIN_SELF = YES;
				CLANG_WARN_OBJC_LITERAL_CONVERSION = YES;
				CLANG_WARN_OBJC_ROOT_CLASS = YES_ERROR;
				CLANG_WARN_QUOTED_INCLUDE_IN_FRAMEWORK_HEADER = YES;
				CLANG_WARN_RANGE_LOOP_ANALYSIS = YES;
				CLANG_WARN_STRICT_PROTOTYPES = YES;
				CLANG_WARN_SUSPICIOUS_MOVE = YES;
				CLANG_WARN_UNGUARDED_AVAILABILITY = YES_AGGRESSIVE;
				CLANG_WARN_UNREACHABLE_CODE = YES;
				CLANG_WARN__DUPLICATE_METHOD_MATCH = YES;
				COPY_PHASE_STRIP = NO;
				DEBUG_INFORMATION_FORMAT = "dwarf-with-dsym";
				ENABLE_NS_ASSERTIONS = NO;
				ENABLE_STRICT_OBJC_MSGSEND = YES;
				ENABLE_USER_SCRIPT_SANDBOXING = YES;
				GCC_C_LANGUAGE_STANDARD = gnu17;
				GCC_NO_COMMON_BLOCKS = YES;
				GCC_WARN_64_TO_32_BIT_CONVERSION = YES;
				GCC_WARN_ABOUT_RETURN_TYPE = YES_ERROR;
				GCC_WARN_UNDECLARED_SELECTOR = YES;
				GCC_WARN_UNINITIALIZED_AUTOS = YES_AGGRESSIVE;
				GCC_WARN_UNUSED_FUNCTION = YES;
				GCC_WARN_UNUSED_VARIABLE = YES;
				IPHONEOS_DEPLOYMENT_TARGET = 17.0;
				LOCALIZATION_PREFERS_STRING_CATALOGS = YES;
				MTL_ENABLE_DEBUG_INFO = NO;
				MTL_FAST_MATH = YES;
				SDKROOT = iphoneos;
				SWIFT_COMPILATION_MODE = wholemodule;
				VALIDATE_PRODUCT = YES;
			};
			name = Release;
		};
		560FA91E2AD9AEA500152582 /* Debug */ = {
			isa = XCBuildConfiguration;
			buildSettings = {
				ASSETCATALOG_COMPILER_APPICON_NAME = AppIcon;
				ASSETCATALOG_COMPILER_GLOBAL_ACCENT_COLOR_NAME = AccentColor;
				CODE_SIGN_STYLE = Automatic;
				CURRENT_PROJECT_VERSION = 1;
				DEVELOPMENT_ASSET_PATHS = "\"ExchangeRates/Preview Content\"";
				DEVELOPMENT_TEAM = VXF37T9QF4;
				ENABLE_PREVIEWS = YES;
				GENERATE_INFOPLIST_FILE = YES;
				INFOPLIST_FILE = ExchangeRates/Info.plist;
				INFOPLIST_KEY_LSApplicationCategoryType = "public.app-category.finance";
				INFOPLIST_KEY_UIApplicationSceneManifest_Generation = YES;
				INFOPLIST_KEY_UIApplicationSupportsIndirectInputEvents = YES;
				INFOPLIST_KEY_UILaunchScreen_Generation = YES;
				INFOPLIST_KEY_UISupportedInterfaceOrientations = UIInterfaceOrientationPortrait;
				INFOPLIST_KEY_UISupportedInterfaceOrientations_iPad = "UIInterfaceOrientationLandscapeLeft UIInterfaceOrientationLandscapeRight UIInterfaceOrientationPortrait UIInterfaceOrientationPortraitUpsideDown";
				LD_RUNPATH_SEARCH_PATHS = (
					"$(inherited)",
					"@executable_path/Frameworks",
				);
				MARKETING_VERSION = 1.0;
				PRODUCT_BUNDLE_IDENTIFIER = com.danielWashington.ExchangeRates;
				PRODUCT_NAME = "$(TARGET_NAME)";
				SUPPORTED_PLATFORMS = "iphoneos iphonesimulator";
				SUPPORTS_MACCATALYST = NO;
				SUPPORTS_MAC_DESIGNED_FOR_IPHONE_IPAD = NO;
				SWIFT_EMIT_LOC_STRINGS = YES;
				SWIFT_VERSION = 5.0;
				TARGETED_DEVICE_FAMILY = 1;
			};
			name = Debug;
		};
		560FA91F2AD9AEA500152582 /* Release */ = {
			isa = XCBuildConfiguration;
			buildSettings = {
				ASSETCATALOG_COMPILER_APPICON_NAME = AppIcon;
				ASSETCATALOG_COMPILER_GLOBAL_ACCENT_COLOR_NAME = AccentColor;
				CODE_SIGN_STYLE = Automatic;
				CURRENT_PROJECT_VERSION = 1;
				DEVELOPMENT_ASSET_PATHS = "\"ExchangeRates/Preview Content\"";
				DEVELOPMENT_TEAM = VXF37T9QF4;
				ENABLE_PREVIEWS = YES;
				GENERATE_INFOPLIST_FILE = YES;
				INFOPLIST_FILE = ExchangeRates/Info.plist;
				INFOPLIST_KEY_LSApplicationCategoryType = "public.app-category.finance";
				INFOPLIST_KEY_UIApplicationSceneManifest_Generation = YES;
				INFOPLIST_KEY_UIApplicationSupportsIndirectInputEvents = YES;
				INFOPLIST_KEY_UILaunchScreen_Generation = YES;
				INFOPLIST_KEY_UISupportedInterfaceOrientations = UIInterfaceOrientationPortrait;
				INFOPLIST_KEY_UISupportedInterfaceOrientations_iPad = "UIInterfaceOrientationLandscapeLeft UIInterfaceOrientationLandscapeRight UIInterfaceOrientationPortrait UIInterfaceOrientationPortraitUpsideDown";
				LD_RUNPATH_SEARCH_PATHS = (
					"$(inherited)",
					"@executable_path/Frameworks",
				);
				MARKETING_VERSION = 1.0;
				PRODUCT_BUNDLE_IDENTIFIER = com.danielWashington.ExchangeRates;
				PRODUCT_NAME = "$(TARGET_NAME)";
				SUPPORTED_PLATFORMS = "iphoneos iphonesimulator";
				SUPPORTS_MACCATALYST = NO;
				SUPPORTS_MAC_DESIGNED_FOR_IPHONE_IPAD = NO;
				SWIFT_EMIT_LOC_STRINGS = YES;
				SWIFT_VERSION = 5.0;
				TARGETED_DEVICE_FAMILY = 1;
			};
			name = Release;
		};
/* End XCBuildConfiguration section */

/* Begin XCConfigurationList section */
		560FA90A2AD9AEA300152582 /* Build configuration list for PBXProject "ExchangeRates" */ = {
			isa = XCConfigurationList;
			buildConfigurations = (
				560FA91B2AD9AEA500152582 /* Debug */,
				560FA91C2AD9AEA500152582 /* Release */,
			);
			defaultConfigurationIsVisible = 0;
			defaultConfigurationName = Release;
		};
		560FA91D2AD9AEA500152582 /* Build configuration list for PBXNativeTarget "ExchangeRates" */ = {
			isa = XCConfigurationList;
			buildConfigurations = (
				560FA91E2AD9AEA500152582 /* Debug */,
				560FA91F2AD9AEA500152582 /* Release */,
			);
			defaultConfigurationIsVisible = 0;
			defaultConfigurationName = Release;
		};
/* End XCConfigurationList section */
	};
	rootObject = 560FA9072AD9AEA300152582 /* Project object */;
}
